// !$*UTF8*$!
{
	archiveVersion = 1;
	classes = {
	};
	objectVersion = 46;
	objects = {

/* Begin PBXBuildFile section */
		490361041B7F65121BD33F10 /* libPods.a in Frameworks */ = {isa = PBXBuildFile; fileRef = C36210885C73C98C1A7E635B /* libPods.a */; };
		695403F11C1720FF00B777EF /* main.m in Sources */ = {isa = PBXBuildFile; fileRef = 695403F01C1720FF00B777EF /* main.m */; };
		695403F41C1720FF00B777EF /* AppDelegate.m in Sources */ = {isa = PBXBuildFile; fileRef = 695403F31C1720FF00B777EF /* AppDelegate.m */; };
		695403F71C1720FF00B777EF /* ViewController.m in Sources */ = {isa = PBXBuildFile; fileRef = 695403F61C1720FF00B777EF /* ViewController.m */; };
		695403FA1C1720FF00B777EF /* Main.storyboard in Resources */ = {isa = PBXBuildFile; fileRef = 695403F81C1720FF00B777EF /* Main.storyboard */; };
		695403FC1C1720FF00B777EF /* Assets.xcassets in Resources */ = {isa = PBXBuildFile; fileRef = 695403FB1C1720FF00B777EF /* Assets.xcassets */; };
		695403FF1C1720FF00B777EF /* LaunchScreen.storyboard in Resources */ = {isa = PBXBuildFile; fileRef = 695403FD1C1720FF00B777EF /* LaunchScreen.storyboard */; };
		69E627051C270FA9000B93A9 /* JJApi.m in Sources */ = {isa = PBXBuildFile; fileRef = 69E626FA1C270FA9000B93A9 /* JJApi.m */; };
		69E627061C270FA9000B93A9 /* JJApi+HandleMethod.m in Sources */ = {isa = PBXBuildFile; fileRef = 69E626FC1C270FA9000B93A9 /* JJApi+HandleMethod.m */; };
		69E627071C270FA9000B93A9 /* JJApi+Log.m in Sources */ = {isa = PBXBuildFile; fileRef = 69E626FE1C270FA9000B93A9 /* JJApi+Log.m */; };
		69E627081C270FA9000B93A9 /* JJApi+RewriteMethod.m in Sources */ = {isa = PBXBuildFile; fileRef = 69E627001C270FA9000B93A9 /* JJApi+RewriteMethod.m */; };
		69E627091C270FA9000B93A9 /* JJApiManager.m in Sources */ = {isa = PBXBuildFile; fileRef = 69E627021C270FA9000B93A9 /* JJApiManager.m */; };
		69E6270A1C270FA9000B93A9 /* JJApiInput.m in Sources */ = {isa = PBXBuildFile; fileRef = 69E627041C270FA9000B93A9 /* JJApiInput.m */; };
		69E6270E1C270FF3000B93A9 /* JJPageApi.m in Sources */ = {isa = PBXBuildFile; fileRef = 69E6270D1C270FF3000B93A9 /* JJPageApi.m */; };
		69E627141C271AAC000B93A9 /* JJDogApi.m in Sources */ = {isa = PBXBuildFile; fileRef = 69E627131C271AAC000B93A9 /* JJDogApi.m */; };
		A33CB9901C28F31B00CB6A9D /* JJApiInput+Page.m in Sources */ = {isa = PBXBuildFile; fileRef = A33CB98F1C28F31B00CB6A9D /* JJApiInput+Page.m */; };
		A33CB9961C28FE4C00CB6A9D /* JJApi+DownLoad.m in Sources */ = {isa = PBXBuildFile; fileRef = A33CB9951C28FE4C00CB6A9D /* JJApi+DownLoad.m */; };
		A33CB9991C293AB600CB6A9D /* JJApi+UpLoad.m in Sources */ = {isa = PBXBuildFile; fileRef = A33CB9981C293AB600CB6A9D /* JJApi+UpLoad.m */; };
		A33CB99C1C29417A00CB6A9D /* JJImageApi.m in Sources */ = {isa = PBXBuildFile; fileRef = A33CB99B1C29417A00CB6A9D /* JJImageApi.m */; };
		A33F4A4C1C2A2FE300C4999C /* JJGroupApi.m in Sources */ = {isa = PBXBuildFile; fileRef = A33F4A4B1C2A2FE300C4999C /* JJGroupApi.m */; };
		A33F4A501C2A308500C4999C /* JJListApi.m in Sources */ = {isa = PBXBuildFile; fileRef = A33F4A4F1C2A308500C4999C /* JJListApi.m */; };
/* End PBXBuildFile section */

/* Begin PBXFileReference section */
		6187B52B08E29C8C5ACE4425 /* Pods.debug.xcconfig */ = {isa = PBXFileReference; includeInIndex = 1; lastKnownFileType = text.xcconfig; name = Pods.debug.xcconfig; path = "Pods/Target Support Files/Pods/Pods.debug.xcconfig"; sourceTree = "<group>"; };
		693D64551C2313E9003F5964 /* JJAFNetworking.h */ = {isa = PBXFileReference; fileEncoding = 4; lastKnownFileType = sourcecode.c.h; lineEnding = 0; path = JJAFNetworking.h; sourceTree = "<group>"; xcLanguageSpecificationIdentifier = xcode.lang.objcpp; };
		695403EC1C1720FF00B777EF /* JJAFNetworking_Demo.app */ = {isa = PBXFileReference; explicitFileType = wrapper.application; includeInIndex = 0; path = JJAFNetworking_Demo.app; sourceTree = BUILT_PRODUCTS_DIR; };
		695403F01C1720FF00B777EF /* main.m */ = {isa = PBXFileReference; lastKnownFileType = sourcecode.c.objc; path = main.m; sourceTree = "<group>"; };
		695403F21C1720FF00B777EF /* AppDelegate.h */ = {isa = PBXFileReference; lastKnownFileType = sourcecode.c.h; lineEnding = 0; path = AppDelegate.h; sourceTree = "<group>"; xcLanguageSpecificationIdentifier = xcode.lang.objcpp; };
		695403F31C1720FF00B777EF /* AppDelegate.m */ = {isa = PBXFileReference; lastKnownFileType = sourcecode.c.objc; lineEnding = 0; path = AppDelegate.m; sourceTree = "<group>"; xcLanguageSpecificationIdentifier = xcode.lang.objc; };
		695403F51C1720FF00B777EF /* ViewController.h */ = {isa = PBXFileReference; lastKnownFileType = sourcecode.c.h; path = ViewController.h; sourceTree = "<group>"; };
		695403F61C1720FF00B777EF /* ViewController.m */ = {isa = PBXFileReference; lastKnownFileType = sourcecode.c.objc; path = ViewController.m; sourceTree = "<group>"; };
		695403F91C1720FF00B777EF /* Base */ = {isa = PBXFileReference; lastKnownFileType = file.storyboard; name = Base; path = Base.lproj/Main.storyboard; sourceTree = "<group>"; };
		695403FB1C1720FF00B777EF /* Assets.xcassets */ = {isa = PBXFileReference; lastKnownFileType = folder.assetcatalog; path = Assets.xcassets; sourceTree = "<group>"; };
		695403FE1C1720FF00B777EF /* Base */ = {isa = PBXFileReference; lastKnownFileType = file.storyboard; name = Base; path = Base.lproj/LaunchScreen.storyboard; sourceTree = "<group>"; };
		695404001C1720FF00B777EF /* Info.plist */ = {isa = PBXFileReference; lastKnownFileType = text.plist.xml; path = Info.plist; sourceTree = "<group>"; };
		69E626F81C270FA9000B93A9 /* JJApi_ENUM.h */ = {isa = PBXFileReference; fileEncoding = 4; lastKnownFileType = sourcecode.c.h; path = JJApi_ENUM.h; sourceTree = "<group>"; };
		69E626F91C270FA9000B93A9 /* JJApi.h */ = {isa = PBXFileReference; fileEncoding = 4; lastKnownFileType = sourcecode.c.h; path = JJApi.h; sourceTree = "<group>"; };
		69E626FA1C270FA9000B93A9 /* JJApi.m */ = {isa = PBXFileReference; fileEncoding = 4; lastKnownFileType = sourcecode.c.objc; path = JJApi.m; sourceTree = "<group>"; };
		69E626FB1C270FA9000B93A9 /* JJApi+HandleMethod.h */ = {isa = PBXFileReference; fileEncoding = 4; lastKnownFileType = sourcecode.c.h; path = "JJApi+HandleMethod.h"; sourceTree = "<group>"; };
		69E626FC1C270FA9000B93A9 /* JJApi+HandleMethod.m */ = {isa = PBXFileReference; fileEncoding = 4; lastKnownFileType = sourcecode.c.objc; path = "JJApi+HandleMethod.m"; sourceTree = "<group>"; };
		69E626FD1C270FA9000B93A9 /* JJApi+Log.h */ = {isa = PBXFileReference; fileEncoding = 4; lastKnownFileType = sourcecode.c.h; path = "JJApi+Log.h"; sourceTree = "<group>"; };
		69E626FE1C270FA9000B93A9 /* JJApi+Log.m */ = {isa = PBXFileReference; fileEncoding = 4; lastKnownFileType = sourcecode.c.objc; path = "JJApi+Log.m"; sourceTree = "<group>"; };
		69E626FF1C270FA9000B93A9 /* JJApi+RewriteMethod.h */ = {isa = PBXFileReference; fileEncoding = 4; lastKnownFileType = sourcecode.c.h; path = "JJApi+RewriteMethod.h"; sourceTree = "<group>"; };
		69E627001C270FA9000B93A9 /* JJApi+RewriteMethod.m */ = {isa = PBXFileReference; fileEncoding = 4; lastKnownFileType = sourcecode.c.objc; path = "JJApi+RewriteMethod.m"; sourceTree = "<group>"; };
		69E627011C270FA9000B93A9 /* JJApiManager.h */ = {isa = PBXFileReference; fileEncoding = 4; lastKnownFileType = sourcecode.c.h; path = JJApiManager.h; sourceTree = "<group>"; };
		69E627021C270FA9000B93A9 /* JJApiManager.m */ = {isa = PBXFileReference; fileEncoding = 4; lastKnownFileType = sourcecode.c.objc; path = JJApiManager.m; sourceTree = "<group>"; };
		69E627031C270FA9000B93A9 /* JJApiInput.h */ = {isa = PBXFileReference; fileEncoding = 4; lastKnownFileType = sourcecode.c.h; lineEnding = 0; path = JJApiInput.h; sourceTree = "<group>"; xcLanguageSpecificationIdentifier = xcode.lang.objcpp; };
		69E627041C270FA9000B93A9 /* JJApiInput.m */ = {isa = PBXFileReference; fileEncoding = 4; lastKnownFileType = sourcecode.c.objc; lineEnding = 0; path = JJApiInput.m; sourceTree = "<group>"; xcLanguageSpecificationIdentifier = xcode.lang.objc; };
		69E6270C1C270FF3000B93A9 /* JJPageApi.h */ = {isa = PBXFileReference; fileEncoding = 4; lastKnownFileType = sourcecode.c.h; path = JJPageApi.h; sourceTree = "<group>"; };
		69E6270D1C270FF3000B93A9 /* JJPageApi.m */ = {isa = PBXFileReference; fileEncoding = 4; lastKnownFileType = sourcecode.c.objc; path = JJPageApi.m; sourceTree = "<group>"; };
		69E627121C271AAC000B93A9 /* JJDogApi.h */ = {isa = PBXFileReference; fileEncoding = 4; lastKnownFileType = sourcecode.c.h; path = JJDogApi.h; sourceTree = "<group>"; };
		69E627131C271AAC000B93A9 /* JJDogApi.m */ = {isa = PBXFileReference; fileEncoding = 4; lastKnownFileType = sourcecode.c.objc; path = JJDogApi.m; sourceTree = "<group>"; };
		A33CB98E1C28F31B00CB6A9D /* JJApiInput+Page.h */ = {isa = PBXFileReference; fileEncoding = 4; lastKnownFileType = sourcecode.c.h; path = "JJApiInput+Page.h"; sourceTree = "<group>"; };
		A33CB98F1C28F31B00CB6A9D /* JJApiInput+Page.m */ = {isa = PBXFileReference; fileEncoding = 4; lastKnownFileType = sourcecode.c.objc; path = "JJApiInput+Page.m"; sourceTree = "<group>"; };
		A33CB9941C28FE4C00CB6A9D /* JJApi+DownLoad.h */ = {isa = PBXFileReference; fileEncoding = 4; lastKnownFileType = sourcecode.c.h; path = "JJApi+DownLoad.h"; sourceTree = "<group>"; };
		A33CB9951C28FE4C00CB6A9D /* JJApi+DownLoad.m */ = {isa = PBXFileReference; fileEncoding = 4; lastKnownFileType = sourcecode.c.objc; path = "JJApi+DownLoad.m"; sourceTree = "<group>"; };
		A33CB9971C293AB600CB6A9D /* JJApi+UpLoad.h */ = {isa = PBXFileReference; fileEncoding = 4; lastKnownFileType = sourcecode.c.h; path = "JJApi+UpLoad.h"; sourceTree = "<group>"; };
		A33CB9981C293AB600CB6A9D /* JJApi+UpLoad.m */ = {isa = PBXFileReference; fileEncoding = 4; lastKnownFileType = sourcecode.c.objc; path = "JJApi+UpLoad.m"; sourceTree = "<group>"; };
		A33CB99A1C29417A00CB6A9D /* JJImageApi.h */ = {isa = PBXFileReference; fileEncoding = 4; lastKnownFileType = sourcecode.c.h; path = JJImageApi.h; sourceTree = "<group>"; };
		A33CB99B1C29417A00CB6A9D /* JJImageApi.m */ = {isa = PBXFileReference; fileEncoding = 4; lastKnownFileType = sourcecode.c.objc; path = JJImageApi.m; sourceTree = "<group>"; };
		A33F4A4A1C2A2FE300C4999C /* JJGroupApi.h */ = {isa = PBXFileReference; fileEncoding = 4; lastKnownFileType = sourcecode.c.h; path = JJGroupApi.h; sourceTree = "<group>"; };
		A33F4A4B1C2A2FE300C4999C /* JJGroupApi.m */ = {isa = PBXFileReference; fileEncoding = 4; lastKnownFileType = sourcecode.c.objc; path = JJGroupApi.m; sourceTree = "<group>"; };
		A33F4A4E1C2A308500C4999C /* JJListApi.h */ = {isa = PBXFileReference; fileEncoding = 4; lastKnownFileType = sourcecode.c.h; path = JJListApi.h; sourceTree = "<group>"; };
		A33F4A4F1C2A308500C4999C /* JJListApi.m */ = {isa = PBXFileReference; fileEncoding = 4; lastKnownFileType = sourcecode.c.objc; path = JJListApi.m; sourceTree = "<group>"; };
		A33F4A511C2A35F500C4999C /* JJApiDefine.h */ = {isa = PBXFileReference; lastKnownFileType = sourcecode.c.h; path = JJApiDefine.h; sourceTree = "<group>"; };
		BB9AAB02CB3504BF2E4FFB90 /* Pods.release.xcconfig */ = {isa = PBXFileReference; includeInIndex = 1; lastKnownFileType = text.xcconfig; name = Pods.release.xcconfig; path = "Pods/Target Support Files/Pods/Pods.release.xcconfig"; sourceTree = "<group>"; };
		C36210885C73C98C1A7E635B /* libPods.a */ = {isa = PBXFileReference; explicitFileType = archive.ar; includeInIndex = 0; path = libPods.a; sourceTree = BUILT_PRODUCTS_DIR; };
/* End PBXFileReference section */

/* Begin PBXFrameworksBuildPhase section */
		695403E91C1720FF00B777EF /* Frameworks */ = {
			isa = PBXFrameworksBuildPhase;
			buildActionMask = 2147483647;
			files = (
				490361041B7F65121BD33F10 /* libPods.a in Frameworks */,
			);
			runOnlyForDeploymentPostprocessing = 0;
		};
/* End PBXFrameworksBuildPhase section */

/* Begin PBXGroup section */
		17E645C762D6E9C15194915D /* Pods */ = {
			isa = PBXGroup;
			children = (
				6187B52B08E29C8C5ACE4425 /* Pods.debug.xcconfig */,
				BB9AAB02CB3504BF2E4FFB90 /* Pods.release.xcconfig */,
			);
			name = Pods;
			sourceTree = "<group>";
		};
		695403E31C1720FF00B777EF = {
			isa = PBXGroup;
			children = (
				695403EE1C1720FF00B777EF /* JJAFNetworking_Demo */,
				695403ED1C1720FF00B777EF /* Products */,
				17E645C762D6E9C15194915D /* Pods */,
				A678AC9FB369179891B7B816 /* Frameworks */,
			);
			sourceTree = "<group>";
		};
		695403ED1C1720FF00B777EF /* Products */ = {
			isa = PBXGroup;
			children = (
				695403EC1C1720FF00B777EF /* JJAFNetworking_Demo.app */,
			);
			name = Products;
			sourceTree = "<group>";
		};
		695403EE1C1720FF00B777EF /* JJAFNetworking_Demo */ = {
			isa = PBXGroup;
			children = (
				A31880E11C22670D0051229F /* JJAFNetworking */,
				695403F21C1720FF00B777EF /* AppDelegate.h */,
				695403F31C1720FF00B777EF /* AppDelegate.m */,
				695403F51C1720FF00B777EF /* ViewController.h */,
				695403F61C1720FF00B777EF /* ViewController.m */,
				A33CB99A1C29417A00CB6A9D /* JJImageApi.h */,
				A33CB99B1C29417A00CB6A9D /* JJImageApi.m */,
				69E627121C271AAC000B93A9 /* JJDogApi.h */,
				69E627131C271AAC000B93A9 /* JJDogApi.m */,
				695403F81C1720FF00B777EF /* Main.storyboard */,
				695403FB1C1720FF00B777EF /* Assets.xcassets */,
				695403FD1C1720FF00B777EF /* LaunchScreen.storyboard */,
				695404001C1720FF00B777EF /* Info.plist */,
				695403EF1C1720FF00B777EF /* Supporting Files */,
			);
			path = JJAFNetworking_Demo;
			sourceTree = "<group>";
		};
		695403EF1C1720FF00B777EF /* Supporting Files */ = {
			isa = PBXGroup;
			children = (
				695403F01C1720FF00B777EF /* main.m */,
			);
			name = "Supporting Files";
			sourceTree = "<group>";
		};
		69E626F71C270F4F000B93A9 /* Manager */ = {
			isa = PBXGroup;
			children = (
				A33F4A511C2A35F500C4999C /* JJApiDefine.h */,
				69E626F81C270FA9000B93A9 /* JJApi_ENUM.h */,
				69E627011C270FA9000B93A9 /* JJApiManager.h */,
				69E627021C270FA9000B93A9 /* JJApiManager.m */,
			);
			path = Manager;
			sourceTree = "<group>";
		};
		69E6270B1C270FBB000B93A9 /* PageApi */ = {
			isa = PBXGroup;
			children = (
				A33CB98E1C28F31B00CB6A9D /* JJApiInput+Page.h */,
				A33CB98F1C28F31B00CB6A9D /* JJApiInput+Page.m */,
				69E6270C1C270FF3000B93A9 /* JJPageApi.h */,
				69E6270D1C270FF3000B93A9 /* JJPageApi.m */,
			);
			path = PageApi;
			sourceTree = "<group>";
		};
		69E627151C271E05000B93A9 /* Api */ = {
			isa = PBXGroup;
			children = (
				69E627031C270FA9000B93A9 /* JJApiInput.h */,
				69E627041C270FA9000B93A9 /* JJApiInput.m */,
				69E626F91C270FA9000B93A9 /* JJApi.h */,
				69E626FA1C270FA9000B93A9 /* JJApi.m */,
				69E626FF1C270FA9000B93A9 /* JJApi+RewriteMethod.h */,
				69E627001C270FA9000B93A9 /* JJApi+RewriteMethod.m */,
				69E626FB1C270FA9000B93A9 /* JJApi+HandleMethod.h */,
				69E626FC1C270FA9000B93A9 /* JJApi+HandleMethod.m */,
				A33CB9941C28FE4C00CB6A9D /* JJApi+DownLoad.h */,
				A33CB9951C28FE4C00CB6A9D /* JJApi+DownLoad.m */,
				A33CB9971C293AB600CB6A9D /* JJApi+UpLoad.h */,
				A33CB9981C293AB600CB6A9D /* JJApi+UpLoad.m */,
				69E626FD1C270FA9000B93A9 /* JJApi+Log.h */,
				69E626FE1C270FA9000B93A9 /* JJApi+Log.m */,
			);
			path = Api;
			sourceTree = "<group>";
		};
		A31880E11C22670D0051229F /* JJAFNetworking */ = {
			isa = PBXGroup;
			children = (
				693D64551C2313E9003F5964 /* JJAFNetworking.h */,
				69E627151C271E05000B93A9 /* Api */,
				A33F4A491C2A2F5100C4999C /* GroupApi */,
				A33F4A4D1C2A305400C4999C /* ListApi */,
				69E626F71C270F4F000B93A9 /* Manager */,
				69E6270B1C270FBB000B93A9 /* PageApi */,
			);
			name = JJAFNetworking;
			path = ../../JJAFNetworking;
			sourceTree = "<group>";
		};
		A33F4A491C2A2F5100C4999C /* GroupApi */ = {
			isa = PBXGroup;
			children = (
				A33F4A4A1C2A2FE300C4999C /* JJGroupApi.h */,
				A33F4A4B1C2A2FE300C4999C /* JJGroupApi.m */,
			);
			path = GroupApi;
			sourceTree = "<group>";
		};
		A33F4A4D1C2A305400C4999C /* ListApi */ = {
			isa = PBXGroup;
			children = (
				A33F4A4E1C2A308500C4999C /* JJListApi.h */,
				A33F4A4F1C2A308500C4999C /* JJListApi.m */,
			);
			path = ListApi;
			sourceTree = "<group>";
		};
		A678AC9FB369179891B7B816 /* Frameworks */ = {
			isa = PBXGroup;
			children = (
				C36210885C73C98C1A7E635B /* libPods.a */,
			);
			name = Frameworks;
			sourceTree = "<group>";
		};
/* End PBXGroup section */

/* Begin PBXNativeTarget section */
		695403EB1C1720FF00B777EF /* JJAFNetworking_Demo */ = {
			isa = PBXNativeTarget;
			buildConfigurationList = 695404031C1720FF00B777EF /* Build configuration list for PBXNativeTarget "JJAFNetworking_Demo" */;
			buildPhases = (
				EE42361133ADEE48C498B3B2 /* Check Pods Manifest.lock */,
				695403E81C1720FF00B777EF /* Sources */,
				695403E91C1720FF00B777EF /* Frameworks */,
				695403EA1C1720FF00B777EF /* Resources */,
				8AD31E808460D3EDBC9263AD /* Copy Pods Resources */,
				7CDD13629E501D2F6DB7C93E /* Embed Pods Frameworks */,
			);
			buildRules = (
			);
			dependencies = (
			);
			name = JJAFNetworking_Demo;
			productName = JJAFNetworking_Demo;
			productReference = 695403EC1C1720FF00B777EF /* JJAFNetworking_Demo.app */;
			productType = "com.apple.product-type.application";
		};
/* End PBXNativeTarget section */

/* Begin PBXProject section */
		695403E41C1720FF00B777EF /* Project object */ = {
			isa = PBXProject;
			attributes = {
				LastUpgradeCheck = 0710;
				ORGANIZATIONNAME = JJ;
				TargetAttributes = {
					695403EB1C1720FF00B777EF = {
						CreatedOnToolsVersion = 7.1;
					};
				};
			};
			buildConfigurationList = 695403E71C1720FF00B777EF /* Build configuration list for PBXProject "JJAFNetworking_Demo" */;
			compatibilityVersion = "Xcode 3.2";
			developmentRegion = English;
			hasScannedForEncodings = 0;
			knownRegions = (
				en,
				Base,
			);
			mainGroup = 695403E31C1720FF00B777EF;
			productRefGroup = 695403ED1C1720FF00B777EF /* Products */;
			projectDirPath = "";
			projectRoot = "";
			targets = (
				695403EB1C1720FF00B777EF /* JJAFNetworking_Demo */,
			);
		};
/* End PBXProject section */

/* Begin PBXResourcesBuildPhase section */
		695403EA1C1720FF00B777EF /* Resources */ = {
			isa = PBXResourcesBuildPhase;
			buildActionMask = 2147483647;
			files = (
				695403FF1C1720FF00B777EF /* LaunchScreen.storyboard in Resources */,
				695403FC1C1720FF00B777EF /* Assets.xcassets in Resources */,
				695403FA1C1720FF00B777EF /* Main.storyboard in Resources */,
			);
			runOnlyForDeploymentPostprocessing = 0;
		};
/* End PBXResourcesBuildPhase section */

/* Begin PBXShellScriptBuildPhase section */
		7CDD13629E501D2F6DB7C93E /* Embed Pods Frameworks */ = {
			isa = PBXShellScriptBuildPhase;
			buildActionMask = 2147483647;
			files = (
			);
			inputPaths = (
			);
			name = "Embed Pods Frameworks";
			outputPaths = (
			);
			runOnlyForDeploymentPostprocessing = 0;
			shellPath = /bin/sh;
			shellScript = "\"${SRCROOT}/Pods/Target Support Files/Pods/Pods-frameworks.sh\"\n";
			showEnvVarsInLog = 0;
		};
		8AD31E808460D3EDBC9263AD /* Copy Pods Resources */ = {
			isa = PBXShellScriptBuildPhase;
			buildActionMask = 2147483647;
			files = (
			);
			inputPaths = (
			);
			name = "Copy Pods Resources";
			outputPaths = (
			);
			runOnlyForDeploymentPostprocessing = 0;
			shellPath = /bin/sh;
			shellScript = "\"${SRCROOT}/Pods/Target Support Files/Pods/Pods-resources.sh\"\n";
			showEnvVarsInLog = 0;
		};
		EE42361133ADEE48C498B3B2 /* Check Pods Manifest.lock */ = {
			isa = PBXShellScriptBuildPhase;
			buildActionMask = 2147483647;
			files = (
			);
			inputPaths = (
			);
			name = "Check Pods Manifest.lock";
			outputPaths = (
			);
			runOnlyForDeploymentPostprocessing = 0;
			shellPath = /bin/sh;
			shellScript = "diff \"${PODS_ROOT}/../Podfile.lock\" \"${PODS_ROOT}/Manifest.lock\" > /dev/null\nif [[ $? != 0 ]] ; then\n    cat << EOM\nerror: The sandbox is not in sync with the Podfile.lock. Run 'pod install' or update your CocoaPods installation.\nEOM\n    exit 1\nfi\n";
			showEnvVarsInLog = 0;
		};
/* End PBXShellScriptBuildPhase section */

/* Begin PBXSourcesBuildPhase section */
		695403E81C1720FF00B777EF /* Sources */ = {
			isa = PBXSourcesBuildPhase;
			buildActionMask = 2147483647;
			files = (
				69E627061C270FA9000B93A9 /* JJApi+HandleMethod.m in Sources */,
				A33CB9991C293AB600CB6A9D /* JJApi+UpLoad.m in Sources */,
				A33F4A4C1C2A2FE300C4999C /* JJGroupApi.m in Sources */,
				69E627141C271AAC000B93A9 /* JJDogApi.m in Sources */,
				69E627051C270FA9000B93A9 /* JJApi.m in Sources */,
				69E627091C270FA9000B93A9 /* JJApiManager.m in Sources */,
				A33CB99C1C29417A00CB6A9D /* JJImageApi.m in Sources */,
				695403F71C1720FF00B777EF /* ViewController.m in Sources */,
				69E627081C270FA9000B93A9 /* JJApi+RewriteMethod.m in Sources */,
				69E627071C270FA9000B93A9 /* JJApi+Log.m in Sources */,
				69E6270A1C270FA9000B93A9 /* JJApiInput.m in Sources */,
				695403F41C1720FF00B777EF /* AppDelegate.m in Sources */,
				69E6270E1C270FF3000B93A9 /* JJPageApi.m in Sources */,
				695403F11C1720FF00B777EF /* main.m in Sources */,
				A33CB9901C28F31B00CB6A9D /* JJApiInput+Page.m in Sources */,
				A33CB9961C28FE4C00CB6A9D /* JJApi+DownLoad.m in Sources */,
				A33F4A501C2A308500C4999C /* JJListApi.m in Sources */,
			);
			runOnlyForDeploymentPostprocessing = 0;
		};
/* End PBXSourcesBuildPhase section */

/* Begin PBXVariantGroup section */
		695403F81C1720FF00B777EF /* Main.storyboard */ = {
			isa = PBXVariantGroup;
			children = (
				695403F91C1720FF00B777EF /* Base */,
			);
			name = Main.storyboard;
			sourceTree = "<group>";
		};
		695403FD1C1720FF00B777EF /* LaunchScreen.storyboard */ = {
			isa = PBXVariantGroup;
			children = (
				695403FE1C1720FF00B777EF /* Base */,
			);
			name = LaunchScreen.storyboard;
			sourceTree = "<group>";
		};
/* End PBXVariantGroup section */

/* Begin XCBuildConfiguration section */
		695404011C1720FF00B777EF /* Debug */ = {
			isa = XCBuildConfiguration;
			buildSettings = {
				ALWAYS_SEARCH_USER_PATHS = NO;
				CLANG_CXX_LANGUAGE_STANDARD = "gnu++0x";
				CLANG_CXX_LIBRARY = "libc++";
				CLANG_ENABLE_MODULES = YES;
				CLANG_ENABLE_OBJC_ARC = YES;
				CLANG_WARN_BOOL_CONVERSION = YES;
				CLANG_WARN_CONSTANT_CONVERSION = YES;
				CLANG_WARN_DIRECT_OBJC_ISA_USAGE = YES_ERROR;
				CLANG_WARN_EMPTY_BODY = YES;
				CLANG_WARN_ENUM_CONVERSION = YES;
				CLANG_WARN_INT_CONVERSION = YES;
				CLANG_WARN_OBJC_ROOT_CLASS = YES_ERROR;
				CLANG_WARN_UNREACHABLE_CODE = YES;
				CLANG_WARN__DUPLICATE_METHOD_MATCH = YES;
				"CODE_SIGN_IDENTITY[sdk=iphoneos*]" = "iPhone Developer";
				COPY_PHASE_STRIP = NO;
				DEBUG_INFORMATION_FORMAT = dwarf;
				ENABLE_STRICT_OBJC_MSGSEND = YES;
				ENABLE_TESTABILITY = YES;
				GCC_C_LANGUAGE_STANDARD = gnu99;
				GCC_DYNAMIC_NO_PIC = NO;
				GCC_NO_COMMON_BLOCKS = YES;
				GCC_OPTIMIZATION_LEVEL = 0;
				GCC_PREPROCESSOR_DEFINITIONS = (
					"DEBUG=1",
					"$(inherited)",
				);
				GCC_WARN_64_TO_32_BIT_CONVERSION = YES;
				GCC_WARN_ABOUT_RETURN_TYPE = YES_ERROR;
				GCC_WARN_UNDECLARED_SELECTOR = YES;
				GCC_WARN_UNINITIALIZED_AUTOS = YES_AGGRESSIVE;
				GCC_WARN_UNUSED_FUNCTION = YES;
				GCC_WARN_UNUSED_VARIABLE = YES;
				IPHONEOS_DEPLOYMENT_TARGET = 9.1;
				MTL_ENABLE_DEBUG_INFO = YES;
				ONLY_ACTIVE_ARCH = YES;
				SDKROOT = iphoneos;
			};
			name = Debug;
		};
		695404021C1720FF00B777EF /* Release */ = {
			isa = XCBuildConfiguration;
			buildSettings = {
				ALWAYS_SEARCH_USER_PATHS = NO;
				CLANG_CXX_LANGUAGE_STANDARD = "gnu++0x";
				CLANG_CXX_LIBRARY = "libc++";
				CLANG_ENABLE_MODULES = YES;
				CLANG_ENABLE_OBJC_ARC = YES;
				CLANG_WARN_BOOL_CONVERSION = YES;
				CLANG_WARN_CONSTANT_CONVERSION = YES;
				CLANG_WARN_DIRECT_OBJC_ISA_USAGE = YES_ERROR;
				CLANG_WARN_EMPTY_BODY = YES;
				CLANG_WARN_ENUM_CONVERSION = YES;
				CLANG_WARN_INT_CONVERSION = YES;
				CLANG_WARN_OBJC_ROOT_CLASS = YES_ERROR;
				CLANG_WARN_UNREACHABLE_CODE = YES;
				CLANG_WARN__DUPLICATE_METHOD_MATCH = YES;
				"CODE_SIGN_IDENTITY[sdk=iphoneos*]" = "iPhone Developer";
				COPY_PHASE_STRIP = NO;
				DEBUG_INFORMATION_FORMAT = "dwarf-with-dsym";
				ENABLE_NS_ASSERTIONS = NO;
				ENABLE_STRICT_OBJC_MSGSEND = YES;
				GCC_C_LANGUAGE_STANDARD = gnu99;
				GCC_NO_COMMON_BLOCKS = YES;
				GCC_WARN_64_TO_32_BIT_CONVERSION = YES;
				GCC_WARN_ABOUT_RETURN_TYPE = YES_ERROR;
				GCC_WARN_UNDECLARED_SELECTOR = YES;
				GCC_WARN_UNINITIALIZED_AUTOS = YES_AGGRESSIVE;
				GCC_WARN_UNUSED_FUNCTION = YES;
				GCC_WARN_UNUSED_VARIABLE = YES;
				IPHONEOS_DEPLOYMENT_TARGET = 9.1;
				MTL_ENABLE_DEBUG_INFO = NO;
				SDKROOT = iphoneos;
				VALIDATE_PRODUCT = YES;
			};
			name = Release;
		};
		695404041C1720FF00B777EF /* Debug */ = {
			isa = XCBuildConfiguration;
			baseConfigurationReference = 6187B52B08E29C8C5ACE4425 /* Pods.debug.xcconfig */;
			buildSettings = {
				ASSETCATALOG_COMPILER_APPICON_NAME = AppIcon;
				INFOPLIST_FILE = JJAFNetworking_Demo/Info.plist;
				LD_RUNPATH_SEARCH_PATHS = "$(inherited) @executable_path/Frameworks";
				PRODUCT_BUNDLE_IDENTIFIER = "com.JJ.JJAFNetworking-Demo";
				PRODUCT_NAME = "$(TARGET_NAME)";
			};
			name = Debug;
		};
		695404051C1720FF00B777EF /* Release */ = {
			isa = XCBuildConfiguration;
			baseConfigurationReference = BB9AAB02CB3504BF2E4FFB90 /* Pods.release.xcconfig */;
			buildSettings = {
				ASSETCATALOG_COMPILER_APPICON_NAME = AppIcon;
				INFOPLIST_FILE = JJAFNetworking_Demo/Info.plist;
				LD_RUNPATH_SEARCH_PATHS = "$(inherited) @executable_path/Frameworks";
				PRODUCT_BUNDLE_IDENTIFIER = "com.JJ.JJAFNetworking-Demo";
				PRODUCT_NAME = "$(TARGET_NAME)";
			};
			name = Release;
		};
/* End XCBuildConfiguration section */

/* Begin XCConfigurationList section */
		695403E71C1720FF00B777EF /* Build configuration list for PBXProject "JJAFNetworking_Demo" */ = {
			isa = XCConfigurationList;
			buildConfigurations = (
				695404011C1720FF00B777EF /* Debug */,
				695404021C1720FF00B777EF /* Release */,
			);
			defaultConfigurationIsVisible = 0;
			defaultConfigurationName = Release;
		};
		695404031C1720FF00B777EF /* Build configuration list for PBXNativeTarget "JJAFNetworking_Demo" */ = {
			isa = XCConfigurationList;
			buildConfigurations = (
				695404041C1720FF00B777EF /* Debug */,
				695404051C1720FF00B777EF /* Release */,
			);
			defaultConfigurationIsVisible = 0;
			defaultConfigurationName = Release;
		};
/* End XCConfigurationList section */
	};
	rootObject = 695403E41C1720FF00B777EF /* Project object */;
}
